github.com/orcaman/concurrent-map v0.0.0-20210501183033-44dafcb38ecc h1:Ak86L+yDSOzKFa7WM5bf5itSOo1e3Xh8bm5YCMUXIjQ=
github.com/orcaman/concurrent-map v0.0.0-20210501183033-44dafcb38ecc/go.mod h1:Lu3tH6HLW3feq74c2GC+jIMS/K2CFcDWnWD9XkenwhI=
github.com/paulbellamy/ratecounter v0.2.0 h1:2L/RhJq+HA8gBQImDXtLPrDXK5qAj6ozWVK/zFXVJGs=
github.com/paulbellamy/ratecounter v0.2.0/go.mod h1:Hfx1hDpSGoqxkVVpBi/IlYD7kChlfo5C6hzIHwPqfFE=
